// !$*UTF8*$!
{
	archiveVersion = 1;
	classes = {
	};
	objectVersion = 55;
	objects = {

/* Begin PBXBuildFile section */
		4F5B2E65D2E6E8AC439D4D56 /* Pods_ToDoList_ToDoListUITests.framework in Frameworks */ = {isa = PBXBuildFile; fileRef = A5BA7CFCF1CA08B79254A438 /* Pods_ToDoList_ToDoListUITests.framework */; };
		951D37A42894545800DA3BEC /* AppDelegate.swift in Sources */ = {isa = PBXBuildFile; fileRef = 951D37A32894545800DA3BEC /* AppDelegate.swift */; };
		951D37A62894545800DA3BEC /* SceneDelegate.swift in Sources */ = {isa = PBXBuildFile; fileRef = 951D37A52894545800DA3BEC /* SceneDelegate.swift */; };
		951D37A82894545800DA3BEC /* OneTaskViewController.swift in Sources */ = {isa = PBXBuildFile; fileRef = 951D37A72894545800DA3BEC /* OneTaskViewController.swift */; };
		951D37AD2894546000DA3BEC /* Assets.xcassets in Resources */ = {isa = PBXBuildFile; fileRef = 951D37AC2894546000DA3BEC /* Assets.xcassets */; };
		951D37B02894546000DA3BEC /* LaunchScreen.storyboard in Resources */ = {isa = PBXBuildFile; fileRef = 951D37AE2894546000DA3BEC /* LaunchScreen.storyboard */; };
		951D37BB2894546000DA3BEC /* ToDoListTests.swift in Sources */ = {isa = PBXBuildFile; fileRef = 951D37BA2894546000DA3BEC /* ToDoListTests.swift */; };
		951D37C52894546000DA3BEC /* ToDoListUITests.swift in Sources */ = {isa = PBXBuildFile; fileRef = 951D37C42894546000DA3BEC /* ToDoListUITests.swift */; };
		951D37C72894546000DA3BEC /* ToDoListUITestsLaunchTests.swift in Sources */ = {isa = PBXBuildFile; fileRef = 951D37C62894546000DA3BEC /* ToDoListUITestsLaunchTests.swift */; };
		951D37D42894608800DA3BEC /* ToDoItemModel.swift in Sources */ = {isa = PBXBuildFile; fileRef = 951D37D32894608800DA3BEC /* ToDoItemModel.swift */; };
		951D37D8289460E100DA3BEC /* fileJSON.json in Resources */ = {isa = PBXBuildFile; fileRef = 951D37D7289460E100DA3BEC /* fileJSON.json */; };
		951D37DA2895C41300DA3BEC /* .gitignore in Resources */ = {isa = PBXBuildFile; fileRef = 951D37D92895C41300DA3BEC /* .gitignore */; };
		95563EB828A0613700ADA9E7 /* PlaceholderTextView.swift in Sources */ = {isa = PBXBuildFile; fileRef = 95563EB728A0613700ADA9E7 /* PlaceholderTextView.swift */; };
		95563EBA28A0616300ADA9E7 /* TaskListViewController.swift in Sources */ = {isa = PBXBuildFile; fileRef = 95563EB928A0616300ADA9E7 /* TaskListViewController.swift */; };
		95563EBC28A061A500ADA9E7 /* TransitionNavigationController.swift in Sources */ = {isa = PBXBuildFile; fileRef = 95563EBB28A061A500ADA9E7 /* TransitionNavigationController.swift */; };
		95563EBE28A061D100ADA9E7 /* CellExpandingAnimator.swift in Sources */ = {isa = PBXBuildFile; fileRef = 95563EBD28A061D100ADA9E7 /* CellExpandingAnimator.swift */; };
		95563EC028A061F000ADA9E7 /* TaskListView.swift in Sources */ = {isa = PBXBuildFile; fileRef = 95563EBF28A061F000ADA9E7 /* TaskListView.swift */; };
		95563EC228A0622300ADA9E7 /* TaskTableViewCell.swift in Sources */ = {isa = PBXBuildFile; fileRef = 95563EC128A0622300ADA9E7 /* TaskTableViewCell.swift */; };
		95563EC428A0623E00ADA9E7 /* NewTableViewCell.swift in Sources */ = {isa = PBXBuildFile; fileRef = 95563EC328A0623E00ADA9E7 /* NewTableViewCell.swift */; };
		95563EC628A0626200ADA9E7 /* FileCache.swift in Sources */ = {isa = PBXBuildFile; fileRef = 95563EC528A0626200ADA9E7 /* FileCache.swift */; };
		95563EC828A0629800ADA9E7 /* HeaderListView.swift in Sources */ = {isa = PBXBuildFile; fileRef = 95563EC728A0629800ADA9E7 /* HeaderListView.swift */; };
		95563ECA28A062C100ADA9E7 /* DateExtension.swift in Sources */ = {isa = PBXBuildFile; fileRef = 95563EC928A062C100ADA9E7 /* DateExtension.swift */; };
		95D84CA22896F1840001AE51 /* MathFunc.swift in Sources */ = {isa = PBXBuildFile; fileRef = 95D84CA12896F1840001AE51 /* MathFunc.swift */; };
		95D84CA42897243B0001AE51 /* IndentTextField.swift in Sources */ = {isa = PBXBuildFile; fileRef = 95D84CA32897243B0001AE51 /* IndentTextField.swift */; };
		B49EB543566BD06D8A9BF2D6 /* Pods_ToDoList.framework in Frameworks */ = {isa = PBXBuildFile; fileRef = 20E3E7824EBA908152CDDD07 /* Pods_ToDoList.framework */; };
		E94F6A0409C8C9199082116B /* Pods_ToDoListTests.framework in Frameworks */ = {isa = PBXBuildFile; fileRef = 994B28C1D598B8CA89219026 /* Pods_ToDoListTests.framework */; };
/* End PBXBuildFile section */

/* Begin PBXContainerItemProxy section */
		951D37B72894546000DA3BEC /* PBXContainerItemProxy */ = {
			isa = PBXContainerItemProxy;
			containerPortal = 951D37982894545700DA3BEC /* Project object */;
			proxyType = 1;
			remoteGlobalIDString = 951D379F2894545700DA3BEC;
			remoteInfo = ToDoList;
		};
		951D37C12894546000DA3BEC /* PBXContainerItemProxy */ = {
			isa = PBXContainerItemProxy;
			containerPortal = 951D37982894545700DA3BEC /* Project object */;
			proxyType = 1;
			remoteGlobalIDString = 951D379F2894545700DA3BEC;
			remoteInfo = ToDoList;
		};
/* End PBXContainerItemProxy section */

/* Begin PBXFileReference section */
		20E3E7824EBA908152CDDD07 /* Pods_ToDoList.framework */ = {isa = PBXFileReference; explicitFileType = wrapper.framework; includeInIndex = 0; path = Pods_ToDoList.framework; sourceTree = BUILT_PRODUCTS_DIR; };
		2C1EA6945B9D9712D27A01B5 /* Pods-ToDoListTests.debug.xcconfig */ = {isa = PBXFileReference; includeInIndex = 1; lastKnownFileType = text.xcconfig; name = "Pods-ToDoListTests.debug.xcconfig"; path = "Target Support Files/Pods-ToDoListTests/Pods-ToDoListTests.debug.xcconfig"; sourceTree = "<group>"; };
		3E8B2F010D9F025060307DD3 /* Pods-ToDoList-ToDoListUITests.debug.xcconfig */ = {isa = PBXFileReference; includeInIndex = 1; lastKnownFileType = text.xcconfig; name = "Pods-ToDoList-ToDoListUITests.debug.xcconfig"; path = "Target Support Files/Pods-ToDoList-ToDoListUITests/Pods-ToDoList-ToDoListUITests.debug.xcconfig"; sourceTree = "<group>"; };
		5DEC2709893A356E02984ABC /* Pods-ToDoList.debug.xcconfig */ = {isa = PBXFileReference; includeInIndex = 1; lastKnownFileType = text.xcconfig; name = "Pods-ToDoList.debug.xcconfig"; path = "Target Support Files/Pods-ToDoList/Pods-ToDoList.debug.xcconfig"; sourceTree = "<group>"; };
		951D37A02894545800DA3BEC /* ToDoList.app */ = {isa = PBXFileReference; explicitFileType = wrapper.application; includeInIndex = 0; path = ToDoList.app; sourceTree = BUILT_PRODUCTS_DIR; };
		951D37A32894545800DA3BEC /* AppDelegate.swift */ = {isa = PBXFileReference; lastKnownFileType = sourcecode.swift; path = AppDelegate.swift; sourceTree = "<group>"; };
		951D37A52894545800DA3BEC /* SceneDelegate.swift */ = {isa = PBXFileReference; lastKnownFileType = sourcecode.swift; path = SceneDelegate.swift; sourceTree = "<group>"; };
		951D37A72894545800DA3BEC /* OneTaskViewController.swift */ = {isa = PBXFileReference; lastKnownFileType = sourcecode.swift; path = OneTaskViewController.swift; sourceTree = "<group>"; };
		951D37AC2894546000DA3BEC /* Assets.xcassets */ = {isa = PBXFileReference; lastKnownFileType = folder.assetcatalog; path = Assets.xcassets; sourceTree = "<group>"; };
		951D37AF2894546000DA3BEC /* Base */ = {isa = PBXFileReference; lastKnownFileType = file.storyboard; name = Base; path = Base.lproj/LaunchScreen.storyboard; sourceTree = "<group>"; };
		951D37B12894546000DA3BEC /* Info.plist */ = {isa = PBXFileReference; lastKnownFileType = text.plist.xml; path = Info.plist; sourceTree = "<group>"; };
		951D37B62894546000DA3BEC /* ToDoListTests.xctest */ = {isa = PBXFileReference; explicitFileType = wrapper.cfbundle; includeInIndex = 0; path = ToDoListTests.xctest; sourceTree = BUILT_PRODUCTS_DIR; };
		951D37BA2894546000DA3BEC /* ToDoListTests.swift */ = {isa = PBXFileReference; lastKnownFileType = sourcecode.swift; path = ToDoListTests.swift; sourceTree = "<group>"; };
		951D37C02894546000DA3BEC /* ToDoListUITests.xctest */ = {isa = PBXFileReference; explicitFileType = wrapper.cfbundle; includeInIndex = 0; path = ToDoListUITests.xctest; sourceTree = BUILT_PRODUCTS_DIR; };
		951D37C42894546000DA3BEC /* ToDoListUITests.swift */ = {isa = PBXFileReference; lastKnownFileType = sourcecode.swift; path = ToDoListUITests.swift; sourceTree = "<group>"; };
		951D37C62894546000DA3BEC /* ToDoListUITestsLaunchTests.swift */ = {isa = PBXFileReference; lastKnownFileType = sourcecode.swift; path = ToDoListUITestsLaunchTests.swift; sourceTree = "<group>"; };
		951D37D32894608800DA3BEC /* ToDoItemModel.swift */ = {isa = PBXFileReference; lastKnownFileType = sourcecode.swift; path = ToDoItemModel.swift; sourceTree = "<group>"; };
		951D37D7289460E100DA3BEC /* fileJSON.json */ = {isa = PBXFileReference; lastKnownFileType = text.json; path = fileJSON.json; sourceTree = "<group>"; };
		951D37D92895C41300DA3BEC /* .gitignore */ = {isa = PBXFileReference; lastKnownFileType = text; name = .gitignore; path = ToDoList/.gitignore; sourceTree = "<group>"; };
		95563EB728A0613700ADA9E7 /* PlaceholderTextView.swift */ = {isa = PBXFileReference; lastKnownFileType = sourcecode.swift; path = PlaceholderTextView.swift; sourceTree = "<group>"; };
		95563EB928A0616300ADA9E7 /* TaskListViewController.swift */ = {isa = PBXFileReference; lastKnownFileType = sourcecode.swift; path = TaskListViewController.swift; sourceTree = "<group>"; };
		95563EBB28A061A500ADA9E7 /* TransitionNavigationController.swift */ = {isa = PBXFileReference; lastKnownFileType = sourcecode.swift; path = TransitionNavigationController.swift; sourceTree = "<group>"; };
		95563EBD28A061D100ADA9E7 /* CellExpandingAnimator.swift */ = {isa = PBXFileReference; lastKnownFileType = sourcecode.swift; path = CellExpandingAnimator.swift; sourceTree = "<group>"; };
		95563EBF28A061F000ADA9E7 /* TaskListView.swift */ = {isa = PBXFileReference; lastKnownFileType = sourcecode.swift; path = TaskListView.swift; sourceTree = "<group>"; };
		95563EC128A0622300ADA9E7 /* TaskTableViewCell.swift */ = {isa = PBXFileReference; lastKnownFileType = sourcecode.swift; path = TaskTableViewCell.swift; sourceTree = "<group>"; };
		95563EC328A0623E00ADA9E7 /* NewTableViewCell.swift */ = {isa = PBXFileReference; lastKnownFileType = sourcecode.swift; path = NewTableViewCell.swift; sourceTree = "<group>"; };
		95563EC528A0626200ADA9E7 /* FileCache.swift */ = {isa = PBXFileReference; lastKnownFileType = sourcecode.swift; path = FileCache.swift; sourceTree = "<group>"; };
		95563EC728A0629800ADA9E7 /* HeaderListView.swift */ = {isa = PBXFileReference; lastKnownFileType = sourcecode.swift; path = HeaderListView.swift; sourceTree = "<group>"; };
		95563EC928A062C100ADA9E7 /* DateExtension.swift */ = {isa = PBXFileReference; lastKnownFileType = sourcecode.swift; path = DateExtension.swift; sourceTree = "<group>"; };
		9585858A28A553EA00DFEEC4 /* .swiftlint.yml */ = {isa = PBXFileReference; lastKnownFileType = text.yaml; path = .swiftlint.yml; sourceTree = "<group>"; };
		95D84CA12896F1840001AE51 /* MathFunc.swift */ = {isa = PBXFileReference; lastKnownFileType = sourcecode.swift; path = MathFunc.swift; sourceTree = "<group>"; };
		95D84CA32897243B0001AE51 /* IndentTextField.swift */ = {isa = PBXFileReference; lastKnownFileType = sourcecode.swift; path = IndentTextField.swift; sourceTree = "<group>"; };
		994B28C1D598B8CA89219026 /* Pods_ToDoListTests.framework */ = {isa = PBXFileReference; explicitFileType = wrapper.framework; includeInIndex = 0; path = Pods_ToDoListTests.framework; sourceTree = BUILT_PRODUCTS_DIR; };
		A5BA7CFCF1CA08B79254A438 /* Pods_ToDoList_ToDoListUITests.framework */ = {isa = PBXFileReference; explicitFileType = wrapper.framework; includeInIndex = 0; path = Pods_ToDoList_ToDoListUITests.framework; sourceTree = BUILT_PRODUCTS_DIR; };
		CB52D5519389AA41CDB8FBEB /* Pods-ToDoListTests.release.xcconfig */ = {isa = PBXFileReference; includeInIndex = 1; lastKnownFileType = text.xcconfig; name = "Pods-ToDoListTests.release.xcconfig"; path = "Target Support Files/Pods-ToDoListTests/Pods-ToDoListTests.release.xcconfig"; sourceTree = "<group>"; };
		F2A07150EF41417FEC388475 /* Pods-ToDoList-ToDoListUITests.release.xcconfig */ = {isa = PBXFileReference; includeInIndex = 1; lastKnownFileType = text.xcconfig; name = "Pods-ToDoList-ToDoListUITests.release.xcconfig"; path = "Target Support Files/Pods-ToDoList-ToDoListUITests/Pods-ToDoList-ToDoListUITests.release.xcconfig"; sourceTree = "<group>"; };
		FAA574D516883C3CF572EB87 /* Pods-ToDoList.release.xcconfig */ = {isa = PBXFileReference; includeInIndex = 1; lastKnownFileType = text.xcconfig; name = "Pods-ToDoList.release.xcconfig"; path = "Target Support Files/Pods-ToDoList/Pods-ToDoList.release.xcconfig"; sourceTree = "<group>"; };
/* End PBXFileReference section */

/* Begin PBXFrameworksBuildPhase section */
		951D379D2894545700DA3BEC /* Frameworks */ = {
			isa = PBXFrameworksBuildPhase;
			buildActionMask = 2147483647;
			files = (
				B49EB543566BD06D8A9BF2D6 /* Pods_ToDoList.framework in Frameworks */,
			);
			runOnlyForDeploymentPostprocessing = 0;
		};
		951D37B32894546000DA3BEC /* Frameworks */ = {
			isa = PBXFrameworksBuildPhase;
			buildActionMask = 2147483647;
			files = (
				E94F6A0409C8C9199082116B /* Pods_ToDoListTests.framework in Frameworks */,
			);
			runOnlyForDeploymentPostprocessing = 0;
		};
		951D37BD2894546000DA3BEC /* Frameworks */ = {
			isa = PBXFrameworksBuildPhase;
			buildActionMask = 2147483647;
			files = (
				4F5B2E65D2E6E8AC439D4D56 /* Pods_ToDoList_ToDoListUITests.framework in Frameworks */,
			);
			runOnlyForDeploymentPostprocessing = 0;
		};
/* End PBXFrameworksBuildPhase section */

/* Begin PBXGroup section */
		1E63E89AE0EB5E8C65FF8F37 /* Frameworks */ = {
			isa = PBXGroup;
			children = (
				20E3E7824EBA908152CDDD07 /* Pods_ToDoList.framework */,
				A5BA7CFCF1CA08B79254A438 /* Pods_ToDoList_ToDoListUITests.framework */,
				994B28C1D598B8CA89219026 /* Pods_ToDoListTests.framework */,
			);
			name = Frameworks;
			sourceTree = "<group>";
		};
		379364349E321D3698858D46 /* Pods */ = {
			isa = PBXGroup;
			children = (
				5DEC2709893A356E02984ABC /* Pods-ToDoList.debug.xcconfig */,
				FAA574D516883C3CF572EB87 /* Pods-ToDoList.release.xcconfig */,
				3E8B2F010D9F025060307DD3 /* Pods-ToDoList-ToDoListUITests.debug.xcconfig */,
				F2A07150EF41417FEC388475 /* Pods-ToDoList-ToDoListUITests.release.xcconfig */,
				2C1EA6945B9D9712D27A01B5 /* Pods-ToDoListTests.debug.xcconfig */,
				CB52D5519389AA41CDB8FBEB /* Pods-ToDoListTests.release.xcconfig */,
			);
			path = Pods;
			sourceTree = "<group>";
		};
		951D37972894545700DA3BEC = {
			isa = PBXGroup;
			children = (
				9585858A28A553EA00DFEEC4 /* .swiftlint.yml */,
				951D37D92895C41300DA3BEC /* .gitignore */,
				951D37A22894545800DA3BEC /* ToDoList */,
				951D37B92894546000DA3BEC /* ToDoListTests */,
				951D37C32894546000DA3BEC /* ToDoListUITests */,
				951D37A12894545800DA3BEC /* Products */,
				379364349E321D3698858D46 /* Pods */,
				1E63E89AE0EB5E8C65FF8F37 /* Frameworks */,
			);
			sourceTree = "<group>";
		};
		951D37A12894545800DA3BEC /* Products */ = {
			isa = PBXGroup;
			children = (
				951D37A02894545800DA3BEC /* ToDoList.app */,
				951D37B62894546000DA3BEC /* ToDoListTests.xctest */,
				951D37C02894546000DA3BEC /* ToDoListUITests.xctest */,
			);
			name = Products;
			sourceTree = "<group>";
		};
		951D37A22894545800DA3BEC /* ToDoList */ = {
			isa = PBXGroup;
			children = (
				951D37A32894545800DA3BEC /* AppDelegate.swift */,
				951D37A52894545800DA3BEC /* SceneDelegate.swift */,
				951D37A72894545800DA3BEC /* OneTaskViewController.swift */,
				95563EB728A0613700ADA9E7 /* PlaceholderTextView.swift */,
				95563EB928A0616300ADA9E7 /* TaskListViewController.swift */,
				95563EBB28A061A500ADA9E7 /* TransitionNavigationController.swift */,
				95563EBD28A061D100ADA9E7 /* CellExpandingAnimator.swift */,
				95563EBF28A061F000ADA9E7 /* TaskListView.swift */,
				95563EC128A0622300ADA9E7 /* TaskTableViewCell.swift */,
				95563EC328A0623E00ADA9E7 /* NewTableViewCell.swift */,
				95563EC528A0626200ADA9E7 /* FileCache.swift */,
				951D37D32894608800DA3BEC /* ToDoItemModel.swift */,
				95563EC728A0629800ADA9E7 /* HeaderListView.swift */,
				95563EC928A062C100ADA9E7 /* DateExtension.swift */,
				95D84CA32897243B0001AE51 /* IndentTextField.swift */,
				951D37D7289460E100DA3BEC /* fileJSON.json */,
				951D37AC2894546000DA3BEC /* Assets.xcassets */,
				951D37AE2894546000DA3BEC /* LaunchScreen.storyboard */,
				951D37B12894546000DA3BEC /* Info.plist */,
				95D84CA12896F1840001AE51 /* MathFunc.swift */,
			);
			path = ToDoList;
			sourceTree = "<group>";
		};
		951D37B92894546000DA3BEC /* ToDoListTests */ = {
			isa = PBXGroup;
			children = (
				951D37BA2894546000DA3BEC /* ToDoListTests.swift */,
			);
			path = ToDoListTests;
			sourceTree = "<group>";
		};
		951D37C32894546000DA3BEC /* ToDoListUITests */ = {
			isa = PBXGroup;
			children = (
				951D37C42894546000DA3BEC /* ToDoListUITests.swift */,
				951D37C62894546000DA3BEC /* ToDoListUITestsLaunchTests.swift */,
			);
			path = ToDoListUITests;
			sourceTree = "<group>";
		};
/* End PBXGroup section */

/* Begin PBXNativeTarget section */
		951D379F2894545700DA3BEC /* ToDoList */ = {
			isa = PBXNativeTarget;
			buildConfigurationList = 951D37CA2894546000DA3BEC /* Build configuration list for PBXNativeTarget "ToDoList" */;
			buildPhases = (
				472B95FDF8DF6FF91EAE4854 /* [CP] Check Pods Manifest.lock */,
				951D379C2894545700DA3BEC /* Sources */,
				951D379D2894545700DA3BEC /* Frameworks */,
				951D379E2894545700DA3BEC /* Resources */,
				A110988103D4E2F056699E4B /* [CP] Embed Pods Frameworks */,
				9585858928A54E3200DFEEC4 /* ShellScript */,
			);
			buildRules = (
			);
			dependencies = (
			);
			name = ToDoList;
			productName = ToDoList;
			productReference = 951D37A02894545800DA3BEC /* ToDoList.app */;
			productType = "com.apple.product-type.application";
		};
		951D37B52894546000DA3BEC /* ToDoListTests */ = {
			isa = PBXNativeTarget;
			buildConfigurationList = 951D37CD2894546000DA3BEC /* Build configuration list for PBXNativeTarget "ToDoListTests" */;
			buildPhases = (
				9E9E925008E11F601F65287D /* [CP] Check Pods Manifest.lock */,
				951D37B22894546000DA3BEC /* Sources */,
				951D37B32894546000DA3BEC /* Frameworks */,
				951D37B42894546000DA3BEC /* Resources */,
			);
			buildRules = (
			);
			dependencies = (
				951D37B82894546000DA3BEC /* PBXTargetDependency */,
			);
			name = ToDoListTests;
			productName = ToDoListTests;
			productReference = 951D37B62894546000DA3BEC /* ToDoListTests.xctest */;
			productType = "com.apple.product-type.bundle.unit-test";
		};
		951D37BF2894546000DA3BEC /* ToDoListUITests */ = {
			isa = PBXNativeTarget;
			buildConfigurationList = 951D37D02894546000DA3BEC /* Build configuration list for PBXNativeTarget "ToDoListUITests" */;
			buildPhases = (
				D078AB0AC6A9C9B7ABA60910 /* [CP] Check Pods Manifest.lock */,
				951D37BC2894546000DA3BEC /* Sources */,
				951D37BD2894546000DA3BEC /* Frameworks */,
				951D37BE2894546000DA3BEC /* Resources */,
				9BCB3783128C19442DDE4AF4 /* [CP] Embed Pods Frameworks */,
			);
			buildRules = (
			);
			dependencies = (
				951D37C22894546000DA3BEC /* PBXTargetDependency */,
			);
			name = ToDoListUITests;
			productName = ToDoListUITests;
			productReference = 951D37C02894546000DA3BEC /* ToDoListUITests.xctest */;
			productType = "com.apple.product-type.bundle.ui-testing";
		};
/* End PBXNativeTarget section */

/* Begin PBXProject section */
		951D37982894545700DA3BEC /* Project object */ = {
			isa = PBXProject;
			attributes = {
				BuildIndependentTargetsInParallel = 1;
				LastSwiftUpdateCheck = 1310;
				LastUpgradeCheck = 1310;
				TargetAttributes = {
					951D379F2894545700DA3BEC = {
						CreatedOnToolsVersion = 13.1;
					};
					951D37B52894546000DA3BEC = {
						CreatedOnToolsVersion = 13.1;
						TestTargetID = 951D379F2894545700DA3BEC;
					};
					951D37BF2894546000DA3BEC = {
						CreatedOnToolsVersion = 13.1;
						TestTargetID = 951D379F2894545700DA3BEC;
					};
				};
			};
			buildConfigurationList = 951D379B2894545700DA3BEC /* Build configuration list for PBXProject "ToDoList" */;
			compatibilityVersion = "Xcode 13.0";
			developmentRegion = en;
			hasScannedForEncodings = 0;
			knownRegions = (
				en,
				Base,
			);
			mainGroup = 951D37972894545700DA3BEC;
			productRefGroup = 951D37A12894545800DA3BEC /* Products */;
			projectDirPath = "";
			projectRoot = "";
			targets = (
				951D379F2894545700DA3BEC /* ToDoList */,
				951D37B52894546000DA3BEC /* ToDoListTests */,
				951D37BF2894546000DA3BEC /* ToDoListUITests */,
			);
		};
/* End PBXProject section */

/* Begin PBXResourcesBuildPhase section */
		951D379E2894545700DA3BEC /* Resources */ = {
			isa = PBXResourcesBuildPhase;
			buildActionMask = 2147483647;
			files = (
				951D37DA2895C41300DA3BEC /* .gitignore in Resources */,
				951D37B02894546000DA3BEC /* LaunchScreen.storyboard in Resources */,
				951D37D8289460E100DA3BEC /* fileJSON.json in Resources */,
				951D37AD2894546000DA3BEC /* Assets.xcassets in Resources */,
			);
			runOnlyForDeploymentPostprocessing = 0;
		};
		951D37B42894546000DA3BEC /* Resources */ = {
			isa = PBXResourcesBuildPhase;
			buildActionMask = 2147483647;
			files = (
			);
			runOnlyForDeploymentPostprocessing = 0;
		};
		951D37BE2894546000DA3BEC /* Resources */ = {
			isa = PBXResourcesBuildPhase;
			buildActionMask = 2147483647;
			files = (
			);
			runOnlyForDeploymentPostprocessing = 0;
		};
/* End PBXResourcesBuildPhase section */

/* Begin PBXShellScriptBuildPhase section */
		472B95FDF8DF6FF91EAE4854 /* [CP] Check Pods Manifest.lock */ = {
			isa = PBXShellScriptBuildPhase;
			buildActionMask = 2147483647;
			files = (
			);
			inputFileListPaths = (
			);
			inputPaths = (
				"${PODS_PODFILE_DIR_PATH}/Podfile.lock",
				"${PODS_ROOT}/Manifest.lock",
			);
			name = "[CP] Check Pods Manifest.lock";
			outputFileListPaths = (
			);
			outputPaths = (
				"$(DERIVED_FILE_DIR)/Pods-ToDoList-checkManifestLockResult.txt",
			);
			runOnlyForDeploymentPostprocessing = 0;
			shellPath = /bin/sh;
			shellScript = "diff \"${PODS_PODFILE_DIR_PATH}/Podfile.lock\" \"${PODS_ROOT}/Manifest.lock\" > /dev/null\nif [ $? != 0 ] ; then\n    # print error to STDERR\n    echo \"error: The sandbox is not in sync with the Podfile.lock. Run 'pod install' or update your CocoaPods installation.\" >&2\n    exit 1\nfi\n# This output is used by Xcode 'outputs' to avoid re-running this script phase.\necho \"SUCCESS\" > \"${SCRIPT_OUTPUT_FILE_0}\"\n";
			showEnvVarsInLog = 0;
		};
		9585858928A54E3200DFEEC4 /* ShellScript */ = {
			isa = PBXShellScriptBuildPhase;
			buildActionMask = 2147483647;
			files = (
			);
			inputFileListPaths = (
			);
			inputPaths = (
			);
			outputFileListPaths = (
			);
			outputPaths = (
			);
			runOnlyForDeploymentPostprocessing = 0;
			shellPath = /bin/sh;
			shellScript = "# Type a script or drag a script file from your workspace to insert its path.\n${PODS_ROOT}/SwiftLint/swiftlint\n";
		};
		9BCB3783128C19442DDE4AF4 /* [CP] Embed Pods Frameworks */ = {
			isa = PBXShellScriptBuildPhase;
			buildActionMask = 2147483647;
			files = (
			);
			inputFileListPaths = (
				"${PODS_ROOT}/Target Support Files/Pods-ToDoList-ToDoListUITests/Pods-ToDoList-ToDoListUITests-frameworks-${CONFIGURATION}-input-files.xcfilelist",
			);
			name = "[CP] Embed Pods Frameworks";
			outputFileListPaths = (
				"${PODS_ROOT}/Target Support Files/Pods-ToDoList-ToDoListUITests/Pods-ToDoList-ToDoListUITests-frameworks-${CONFIGURATION}-output-files.xcfilelist",
			);
			runOnlyForDeploymentPostprocessing = 0;
			shellPath = /bin/sh;
			shellScript = "\"${PODS_ROOT}/Target Support Files/Pods-ToDoList-ToDoListUITests/Pods-ToDoList-ToDoListUITests-frameworks.sh\"\n";
			showEnvVarsInLog = 0;
		};
		9E9E925008E11F601F65287D /* [CP] Check Pods Manifest.lock */ = {
			isa = PBXShellScriptBuildPhase;
			buildActionMask = 2147483647;
			files = (
			);
			inputFileListPaths = (
			);
			inputPaths = (
				"${PODS_PODFILE_DIR_PATH}/Podfile.lock",
				"${PODS_ROOT}/Manifest.lock",
			);
			name = "[CP] Check Pods Manifest.lock";
			outputFileListPaths = (
			);
			outputPaths = (
				"$(DERIVED_FILE_DIR)/Pods-ToDoListTests-checkManifestLockResult.txt",
			);
			runOnlyForDeploymentPostprocessing = 0;
			shellPath = /bin/sh;
			shellScript = "diff \"${PODS_PODFILE_DIR_PATH}/Podfile.lock\" \"${PODS_ROOT}/Manifest.lock\" > /dev/null\nif [ $? != 0 ] ; then\n    # print error to STDERR\n    echo \"error: The sandbox is not in sync with the Podfile.lock. Run 'pod install' or update your CocoaPods installation.\" >&2\n    exit 1\nfi\n# This output is used by Xcode 'outputs' to avoid re-running this script phase.\necho \"SUCCESS\" > \"${SCRIPT_OUTPUT_FILE_0}\"\n";
			showEnvVarsInLog = 0;
		};
		A110988103D4E2F056699E4B /* [CP] Embed Pods Frameworks */ = {
			isa = PBXShellScriptBuildPhase;
			buildActionMask = 2147483647;
			files = (
			);
			inputFileListPaths = (
				"${PODS_ROOT}/Target Support Files/Pods-ToDoList/Pods-ToDoList-frameworks-${CONFIGURATION}-input-files.xcfilelist",
			);
			name = "[CP] Embed Pods Frameworks";
			outputFileListPaths = (
				"${PODS_ROOT}/Target Support Files/Pods-ToDoList/Pods-ToDoList-frameworks-${CONFIGURATION}-output-files.xcfilelist",
			);
			runOnlyForDeploymentPostprocessing = 0;
			shellPath = /bin/sh;
			shellScript = "\"${PODS_ROOT}/Target Support Files/Pods-ToDoList/Pods-ToDoList-frameworks.sh\"\n";
			showEnvVarsInLog = 0;
		};
		D078AB0AC6A9C9B7ABA60910 /* [CP] Check Pods Manifest.lock */ = {
			isa = PBXShellScriptBuildPhase;
			buildActionMask = 2147483647;
			files = (
			);
			inputFileListPaths = (
			);
			inputPaths = (
				"${PODS_PODFILE_DIR_PATH}/Podfile.lock",
				"${PODS_ROOT}/Manifest.lock",
			);
			name = "[CP] Check Pods Manifest.lock";
			outputFileListPaths = (
			);
			outputPaths = (
				"$(DERIVED_FILE_DIR)/Pods-ToDoList-ToDoListUITests-checkManifestLockResult.txt",
			);
			runOnlyForDeploymentPostprocessing = 0;
			shellPath = /bin/sh;
			shellScript = "diff \"${PODS_PODFILE_DIR_PATH}/Podfile.lock\" \"${PODS_ROOT}/Manifest.lock\" > /dev/null\nif [ $? != 0 ] ; then\n    # print error to STDERR\n    echo \"error: The sandbox is not in sync with the Podfile.lock. Run 'pod install' or update your CocoaPods installation.\" >&2\n    exit 1\nfi\n# This output is used by Xcode 'outputs' to avoid re-running this script phase.\necho \"SUCCESS\" > \"${SCRIPT_OUTPUT_FILE_0}\"\n";
			showEnvVarsInLog = 0;
		};
/* End PBXShellScriptBuildPhase section */

/* Begin PBXSourcesBuildPhase section */
		951D379C2894545700DA3BEC /* Sources */ = {
			isa = PBXSourcesBuildPhase;
			buildActionMask = 2147483647;
			files = (
				95563ECA28A062C100ADA9E7 /* DateExtension.swift in Sources */,
				95563EC228A0622300ADA9E7 /* TaskTableViewCell.swift in Sources */,
				951D37A82894545800DA3BEC /* OneTaskViewController.swift in Sources */,
				95D84CA22896F1840001AE51 /* MathFunc.swift in Sources */,
				95563EC428A0623E00ADA9E7 /* NewTableViewCell.swift in Sources */,
				951D37D42894608800DA3BEC /* ToDoItemModel.swift in Sources */,
				95563EBC28A061A500ADA9E7 /* TransitionNavigationController.swift in Sources */,
				95D84CA42897243B0001AE51 /* IndentTextField.swift in Sources */,
				95563EBA28A0616300ADA9E7 /* TaskListViewController.swift in Sources */,
				95563EBE28A061D100ADA9E7 /* CellExpandingAnimator.swift in Sources */,
				951D37A42894545800DA3BEC /* AppDelegate.swift in Sources */,
				951D37A62894545800DA3BEC /* SceneDelegate.swift in Sources */,
				95563EB828A0613700ADA9E7 /* PlaceholderTextView.swift in Sources */,
				95563EC628A0626200ADA9E7 /* FileCache.swift in Sources */,
				95563EC028A061F000ADA9E7 /* TaskListView.swift in Sources */,
				95563EC828A0629800ADA9E7 /* HeaderListView.swift in Sources */,
			);
			runOnlyForDeploymentPostprocessing = 0;
		};
		951D37B22894546000DA3BEC /* Sources */ = {
			isa = PBXSourcesBuildPhase;
			buildActionMask = 2147483647;
			files = (
				951D37BB2894546000DA3BEC /* ToDoListTests.swift in Sources */,
			);
			runOnlyForDeploymentPostprocessing = 0;
		};
		951D37BC2894546000DA3BEC /* Sources */ = {
			isa = PBXSourcesBuildPhase;
			buildActionMask = 2147483647;
			files = (
				951D37C72894546000DA3BEC /* ToDoListUITestsLaunchTests.swift in Sources */,
				951D37C52894546000DA3BEC /* ToDoListUITests.swift in Sources */,
			);
			runOnlyForDeploymentPostprocessing = 0;
		};
/* End PBXSourcesBuildPhase section */

/* Begin PBXTargetDependency section */
		951D37B82894546000DA3BEC /* PBXTargetDependency */ = {
			isa = PBXTargetDependency;
			target = 951D379F2894545700DA3BEC /* ToDoList */;
			targetProxy = 951D37B72894546000DA3BEC /* PBXContainerItemProxy */;
		};
		951D37C22894546000DA3BEC /* PBXTargetDependency */ = {
			isa = PBXTargetDependency;
			target = 951D379F2894545700DA3BEC /* ToDoList */;
			targetProxy = 951D37C12894546000DA3BEC /* PBXContainerItemProxy */;
		};
/* End PBXTargetDependency section */

/* Begin PBXVariantGroup section */
		951D37AE2894546000DA3BEC /* LaunchScreen.storyboard */ = {
			isa = PBXVariantGroup;
			children = (
				951D37AF2894546000DA3BEC /* Base */,
			);
			name = LaunchScreen.storyboard;
			sourceTree = "<group>";
		};
/* End PBXVariantGroup section */

/* Begin XCBuildConfiguration section */
		951D37C82894546000DA3BEC /* Debug */ = {
			isa = XCBuildConfiguration;
			buildSettings = {
				ALWAYS_SEARCH_USER_PATHS = NO;
				CLANG_ANALYZER_NONNULL = YES;
				CLANG_ANALYZER_NUMBER_OBJECT_CONVERSION = YES_AGGRESSIVE;
				CLANG_CXX_LANGUAGE_STANDARD = "gnu++17";
				CLANG_CXX_LIBRARY = "libc++";
				CLANG_ENABLE_MODULES = YES;
				CLANG_ENABLE_OBJC_ARC = YES;
				CLANG_ENABLE_OBJC_WEAK = YES;
				CLANG_WARN_BLOCK_CAPTURE_AUTORELEASING = YES;
				CLANG_WARN_BOOL_CONVERSION = YES;
				CLANG_WARN_COMMA = YES;
				CLANG_WARN_CONSTANT_CONVERSION = YES;
				CLANG_WARN_DEPRECATED_OBJC_IMPLEMENTATIONS = YES;
				CLANG_WARN_DIRECT_OBJC_ISA_USAGE = YES_ERROR;
				CLANG_WARN_DOCUMENTATION_COMMENTS = YES;
				CLANG_WARN_EMPTY_BODY = YES;
				CLANG_WARN_ENUM_CONVERSION = YES;
				CLANG_WARN_INFINITE_RECURSION = YES;
				CLANG_WARN_INT_CONVERSION = YES;
				CLANG_WARN_NON_LITERAL_NULL_CONVERSION = YES;
				CLANG_WARN_OBJC_IMPLICIT_RETAIN_SELF = YES;
				CLANG_WARN_OBJC_LITERAL_CONVERSION = YES;
				CLANG_WARN_OBJC_ROOT_CLASS = YES_ERROR;
				CLANG_WARN_QUOTED_INCLUDE_IN_FRAMEWORK_HEADER = YES;
				CLANG_WARN_RANGE_LOOP_ANALYSIS = YES;
				CLANG_WARN_STRICT_PROTOTYPES = YES;
				CLANG_WARN_SUSPICIOUS_MOVE = YES;
				CLANG_WARN_UNGUARDED_AVAILABILITY = YES_AGGRESSIVE;
				CLANG_WARN_UNREACHABLE_CODE = YES;
				CLANG_WARN__DUPLICATE_METHOD_MATCH = YES;
				COPY_PHASE_STRIP = NO;
				DEBUG_INFORMATION_FORMAT = dwarf;
				ENABLE_STRICT_OBJC_MSGSEND = YES;
				ENABLE_TESTABILITY = YES;
				GCC_C_LANGUAGE_STANDARD = gnu11;
				GCC_DYNAMIC_NO_PIC = NO;
				GCC_NO_COMMON_BLOCKS = YES;
				GCC_OPTIMIZATION_LEVEL = 0;
				GCC_PREPROCESSOR_DEFINITIONS = (
					"DEBUG=1",
					"$(inherited)",
				);
				GCC_WARN_64_TO_32_BIT_CONVERSION = YES;
				GCC_WARN_ABOUT_RETURN_TYPE = YES_ERROR;
				GCC_WARN_UNDECLARED_SELECTOR = YES;
				GCC_WARN_UNINITIALIZED_AUTOS = YES_AGGRESSIVE;
				GCC_WARN_UNUSED_FUNCTION = YES;
				GCC_WARN_UNUSED_VARIABLE = YES;
				IPHONEOS_DEPLOYMENT_TARGET = 15.0;
				MTL_ENABLE_DEBUG_INFO = INCLUDE_SOURCE;
				MTL_FAST_MATH = YES;
				ONLY_ACTIVE_ARCH = YES;
				SDKROOT = iphoneos;
				SWIFT_ACTIVE_COMPILATION_CONDITIONS = DEBUG;
				SWIFT_OPTIMIZATION_LEVEL = "-Onone";
			};
			name = Debug;
		};
		951D37C92894546000DA3BEC /* Release */ = {
			isa = XCBuildConfiguration;
			buildSettings = {
				ALWAYS_SEARCH_USER_PATHS = NO;
				CLANG_ANALYZER_NONNULL = YES;
				CLANG_ANALYZER_NUMBER_OBJECT_CONVERSION = YES_AGGRESSIVE;
				CLANG_CXX_LANGUAGE_STANDARD = "gnu++17";
				CLANG_CXX_LIBRARY = "libc++";
				CLANG_ENABLE_MODULES = YES;
				CLANG_ENABLE_OBJC_ARC = YES;
				CLANG_ENABLE_OBJC_WEAK = YES;
				CLANG_WARN_BLOCK_CAPTURE_AUTORELEASING = YES;
				CLANG_WARN_BOOL_CONVERSION = YES;
				CLANG_WARN_COMMA = YES;
				CLANG_WARN_CONSTANT_CONVERSION = YES;
				CLANG_WARN_DEPRECATED_OBJC_IMPLEMENTATIONS = YES;
				CLANG_WARN_DIRECT_OBJC_ISA_USAGE = YES_ERROR;
				CLANG_WARN_DOCUMENTATION_COMMENTS = YES;
				CLANG_WARN_EMPTY_BODY = YES;
				CLANG_WARN_ENUM_CONVERSION = YES;
				CLANG_WARN_INFINITE_RECURSION = YES;
				CLANG_WARN_INT_CONVERSION = YES;
				CLANG_WARN_NON_LITERAL_NULL_CONVERSION = YES;
				CLANG_WARN_OBJC_IMPLICIT_RETAIN_SELF = YES;
				CLANG_WARN_OBJC_LITERAL_CONVERSION = YES;
				CLANG_WARN_OBJC_ROOT_CLASS = YES_ERROR;
				CLANG_WARN_QUOTED_INCLUDE_IN_FRAMEWORK_HEADER = YES;
				CLANG_WARN_RANGE_LOOP_ANALYSIS = YES;
				CLANG_WARN_STRICT_PROTOTYPES = YES;
				CLANG_WARN_SUSPICIOUS_MOVE = YES;
				CLANG_WARN_UNGUARDED_AVAILABILITY = YES_AGGRESSIVE;
				CLANG_WARN_UNREACHABLE_CODE = YES;
				CLANG_WARN__DUPLICATE_METHOD_MATCH = YES;
				COPY_PHASE_STRIP = NO;
				DEBUG_INFORMATION_FORMAT = "dwarf-with-dsym";
				ENABLE_NS_ASSERTIONS = NO;
				ENABLE_STRICT_OBJC_MSGSEND = YES;
				GCC_C_LANGUAGE_STANDARD = gnu11;
				GCC_NO_COMMON_BLOCKS = YES;
				GCC_WARN_64_TO_32_BIT_CONVERSION = YES;
				GCC_WARN_ABOUT_RETURN_TYPE = YES_ERROR;
				GCC_WARN_UNDECLARED_SELECTOR = YES;
				GCC_WARN_UNINITIALIZED_AUTOS = YES_AGGRESSIVE;
				GCC_WARN_UNUSED_FUNCTION = YES;
				GCC_WARN_UNUSED_VARIABLE = YES;
				IPHONEOS_DEPLOYMENT_TARGET = 15.0;
				MTL_ENABLE_DEBUG_INFO = NO;
				MTL_FAST_MATH = YES;
				SDKROOT = iphoneos;
				SWIFT_COMPILATION_MODE = wholemodule;
				SWIFT_OPTIMIZATION_LEVEL = "-O";
				VALIDATE_PRODUCT = YES;
			};
			name = Release;
		};
		951D37CB2894546000DA3BEC /* Debug */ = {
			isa = XCBuildConfiguration;
			baseConfigurationReference = 5DEC2709893A356E02984ABC /* Pods-ToDoList.debug.xcconfig */;
			buildSettings = {
				ASSETCATALOG_COMPILER_APPICON_NAME = AppIcon;
				ASSETCATALOG_COMPILER_GLOBAL_ACCENT_COLOR_NAME = AccentColor;
				CODE_SIGN_STYLE = Automatic;
				CURRENT_PROJECT_VERSION = 1;
				GENERATE_INFOPLIST_FILE = YES;
				INFOPLIST_FILE = ToDoList/Info.plist;
				INFOPLIST_KEY_UIApplicationSupportsIndirectInputEvents = YES;
				INFOPLIST_KEY_UILaunchStoryboardName = LaunchScreen;
				INFOPLIST_KEY_UISupportedInterfaceOrientations = UIInterfaceOrientationPortrait;
				INFOPLIST_KEY_UISupportedInterfaceOrientations_iPad = "UIInterfaceOrientationPortrait UIInterfaceOrientationPortraitUpsideDown UIInterfaceOrientationLandscapeLeft UIInterfaceOrientationLandscapeRight";
				INFOPLIST_KEY_UISupportedInterfaceOrientations_iPhone = "UIInterfaceOrientationPortrait UIInterfaceOrientationLandscapeLeft UIInterfaceOrientationLandscapeRight";
				LD_RUNPATH_SEARCH_PATHS = (
					"$(inherited)",
					"@executable_path/Frameworks",
				);
				MARKETING_VERSION = 1.0;
				PRODUCT_BUNDLE_IDENTIFIER = com.tsvetkovanuta.ToDoList;
				PRODUCT_NAME = "$(TARGET_NAME)";
				SWIFT_EMIT_LOC_STRINGS = YES;
				SWIFT_VERSION = 5.0;
				TARGETED_DEVICE_FAMILY = "1,2";
			};
			name = Debug;
		};
		951D37CC2894546000DA3BEC /* Release */ = {
			isa = XCBuildConfiguration;
			baseConfigurationReference = FAA574D516883C3CF572EB87 /* Pods-ToDoList.release.xcconfig */;
			buildSettings = {
				ASSETCATALOG_COMPILER_APPICON_NAME = AppIcon;
				ASSETCATALOG_COMPILER_GLOBAL_ACCENT_COLOR_NAME = AccentColor;
				CODE_SIGN_STYLE = Automatic;
				CURRENT_PROJECT_VERSION = 1;
				GENERATE_INFOPLIST_FILE = YES;
				INFOPLIST_FILE = ToDoList/Info.plist;
				INFOPLIST_KEY_UIApplicationSupportsIndirectInputEvents = YES;
				INFOPLIST_KEY_UILaunchStoryboardName = LaunchScreen;
				INFOPLIST_KEY_UISupportedInterfaceOrientations = UIInterfaceOrientationPortrait;
				INFOPLIST_KEY_UISupportedInterfaceOrientations_iPad = "UIInterfaceOrientationPortrait UIInterfaceOrientationPortraitUpsideDown UIInterfaceOrientationLandscapeLeft UIInterfaceOrientationLandscapeRight";
				INFOPLIST_KEY_UISupportedInterfaceOrientations_iPhone = "UIInterfaceOrientationPortrait UIInterfaceOrientationLandscapeLeft UIInterfaceOrientationLandscapeRight";
				LD_RUNPATH_SEARCH_PATHS = (
					"$(inherited)",
					"@executable_path/Frameworks",
				);
				MARKETING_VERSION = 1.0;
				PRODUCT_BUNDLE_IDENTIFIER = com.tsvetkovanuta.ToDoList;
				PRODUCT_NAME = "$(TARGET_NAME)";
				SWIFT_EMIT_LOC_STRINGS = YES;
				SWIFT_VERSION = 5.0;
				TARGETED_DEVICE_FAMILY = "1,2";
			};
			name = Release;
		};
		951D37CE2894546000DA3BEC /* Debug */ = {
			isa = XCBuildConfiguration;
			baseConfigurationReference = 2C1EA6945B9D9712D27A01B5 /* Pods-ToDoListTests.debug.xcconfig */;
			buildSettings = {
				ALWAYS_EMBED_SWIFT_STANDARD_LIBRARIES = YES;
				BUNDLE_LOADER = "$(TEST_HOST)";
				CODE_SIGN_STYLE = Automatic;
				CURRENT_PROJECT_VERSION = 1;
				GENERATE_INFOPLIST_FILE = YES;
				IPHONEOS_DEPLOYMENT_TARGET = 15.0;
				LD_RUNPATH_SEARCH_PATHS = (
					"$(inherited)",
					"@executable_path/Frameworks",
					"@loader_path/Frameworks",
				);
				MARKETING_VERSION = 1.0;
				PRODUCT_BUNDLE_IDENTIFIER = com.tsvetkovanuta.ToDoListTests;
				PRODUCT_NAME = "$(TARGET_NAME)";
				SWIFT_EMIT_LOC_STRINGS = NO;
				SWIFT_VERSION = 5.0;
				TARGETED_DEVICE_FAMILY = "1,2";
				TEST_HOST = "$(BUILT_PRODUCTS_DIR)/ToDoList.app/ToDoList";
			};
			name = Debug;
		};
		951D37CF2894546000DA3BEC /* Release */ = {
			isa = XCBuildConfiguration;
			baseConfigurationReference = CB52D5519389AA41CDB8FBEB /* Pods-ToDoListTests.release.xcconfig */;
			buildSettings = {
				ALWAYS_EMBED_SWIFT_STANDARD_LIBRARIES = YES;
				BUNDLE_LOADER = "$(TEST_HOST)";
				CODE_SIGN_STYLE = Automatic;
				CURRENT_PROJECT_VERSION = 1;
				GENERATE_INFOPLIST_FILE = YES;
				IPHONEOS_DEPLOYMENT_TARGET = 15.0;
				LD_RUNPATH_SEARCH_PATHS = (
					"$(inherited)",
					"@executable_path/Frameworks",
					"@loader_path/Frameworks",
				);
				MARKETING_VERSION = 1.0;
				PRODUCT_BUNDLE_IDENTIFIER = com.tsvetkovanuta.ToDoListTests;
				PRODUCT_NAME = "$(TARGET_NAME)";
				SWIFT_EMIT_LOC_STRINGS = NO;
				SWIFT_VERSION = 5.0;
				TARGETED_DEVICE_FAMILY = "1,2";
				TEST_HOST = "$(BUILT_PRODUCTS_DIR)/ToDoList.app/ToDoList";
			};
			name = Release;
		};
		951D37D12894546000DA3BEC /* Debug */ = {
			isa = XCBuildConfiguration;
			baseConfigurationReference = 3E8B2F010D9F025060307DD3 /* Pods-ToDoList-ToDoListUITests.debug.xcconfig */;
			buildSettings = {
				ALWAYS_EMBED_SWIFT_STANDARD_LIBRARIES = YES;
				CODE_SIGN_STYLE = Automatic;
				CURRENT_PROJECT_VERSION = 1;
				GENERATE_INFOPLIST_FILE = YES;
				LD_RUNPATH_SEARCH_PATHS = (
					"$(inherited)",
					"@executable_path/Frameworks",
					"@loader_path/Frameworks",
				);
				MARKETING_VERSION = 1.0;
				PRODUCT_BUNDLE_IDENTIFIER = com.tsvetkovanuta.ToDoListUITests;
				PRODUCT_NAME = "$(TARGET_NAME)";
				SWIFT_EMIT_LOC_STRINGS = NO;
				SWIFT_VERSION = 5.0;
				TARGETED_DEVICE_FAMILY = "1,2";
				TEST_TARGET_NAME = ToDoList;
			};
			name = Debug;
		};
		951D37D22894546000DA3BEC /* Release */ = {
			isa = XCBuildConfiguration;
			baseConfigurationReference = F2A07150EF41417FEC388475 /* Pods-ToDoList-ToDoListUITests.release.xcconfig */;
			buildSettings = {
				ALWAYS_EMBED_SWIFT_STANDARD_LIBRARIES = YES;
				CODE_SIGN_STYLE = Automatic;
				CURRENT_PROJECT_VERSION = 1;
				GENERATE_INFOPLIST_FILE = YES;
				LD_RUNPATH_SEARCH_PATHS = (
					"$(inherited)",
					"@executable_path/Frameworks",
					"@loader_path/Frameworks",
				);
				MARKETING_VERSION = 1.0;
				PRODUCT_BUNDLE_IDENTIFIER = com.tsvetkovanuta.ToDoListUITests;
				PRODUCT_NAME = "$(TARGET_NAME)";
				SWIFT_EMIT_LOC_STRINGS = NO;
				SWIFT_VERSION = 5.0;
				TARGETED_DEVICE_FAMILY = "1,2";
				TEST_TARGET_NAME = ToDoList;
			};
			name = Release;
		};
/* End XCBuildConfiguration section */

/* Begin XCConfigurationList section */
		951D379B2894545700DA3BEC /* Build configuration list for PBXProject "ToDoList" */ = {
			isa = XCConfigurationList;
			buildConfigurations = (
				951D37C82894546000DA3BEC /* Debug */,
				951D37C92894546000DA3BEC /* Release */,
			);
			defaultConfigurationIsVisible = 0;
			defaultConfigurationName = Release;
		};
		951D37CA2894546000DA3BEC /* Build configuration list for PBXNativeTarget "ToDoList" */ = {
			isa = XCConfigurationList;
			buildConfigurations = (
				951D37CB2894546000DA3BEC /* Debug */,
				951D37CC2894546000DA3BEC /* Release */,
			);
			defaultConfigurationIsVisible = 0;
			defaultConfigurationName = Release;
		};
		951D37CD2894546000DA3BEC /* Build configuration list for PBXNativeTarget "ToDoListTests" */ = {
			isa = XCConfigurationList;
			buildConfigurations = (
				951D37CE2894546000DA3BEC /* Debug */,
				951D37CF2894546000DA3BEC /* Release */,
			);
			defaultConfigurationIsVisible = 0;
			defaultConfigurationName = Release;
		};
		951D37D02894546000DA3BEC /* Build configuration list for PBXNativeTarget "ToDoListUITests" */ = {
			isa = XCConfigurationList;
			buildConfigurations = (
				951D37D12894546000DA3BEC /* Debug */,
				951D37D22894546000DA3BEC /* Release */,
			);
			defaultConfigurationIsVisible = 0;
			defaultConfigurationName = Release;
		};
/* End XCConfigurationList section */
	};
	rootObject = 951D37982894545700DA3BEC /* Project object */;
}
