// !$*UTF8*$!
{
	archiveVersion = 1;
	classes = {
	};
	objectVersion = 55;
	objects = {

/* Begin PBXBuildFile section */
		951D37A42894545800DA3BEC /* AppDelegate.swift in Sources */ = {isa = PBXBuildFile; fileRef = 951D37A32894545800DA3BEC /* AppDelegate.swift */; };
		951D37A62894545800DA3BEC /* SceneDelegate.swift in Sources */ = {isa = PBXBuildFile; fileRef = 951D37A52894545800DA3BEC /* SceneDelegate.swift */; };
		951D37A82894545800DA3BEC /* TaskViewController.swift in Sources */ = {isa = PBXBuildFile; fileRef = 951D37A72894545800DA3BEC /* TaskViewController.swift */; };
		951D37AD2894546000DA3BEC /* Assets.xcassets in Resources */ = {isa = PBXBuildFile; fileRef = 951D37AC2894546000DA3BEC /* Assets.xcassets */; };
		951D37B02894546000DA3BEC /* LaunchScreen.storyboard in Resources */ = {isa = PBXBuildFile; fileRef = 951D37AE2894546000DA3BEC /* LaunchScreen.storyboard */; };
		951D37BB2894546000DA3BEC /* ToDoListTests.swift in Sources */ = {isa = PBXBuildFile; fileRef = 951D37BA2894546000DA3BEC /* ToDoListTests.swift */; };
		951D37C52894546000DA3BEC /* ToDoListUITests.swift in Sources */ = {isa = PBXBuildFile; fileRef = 951D37C42894546000DA3BEC /* ToDoListUITests.swift */; };
		951D37C72894546000DA3BEC /* ToDoListUITestsLaunchTests.swift in Sources */ = {isa = PBXBuildFile; fileRef = 951D37C62894546000DA3BEC /* ToDoListUITestsLaunchTests.swift */; };
		951D37D42894608800DA3BEC /* ToDoItemModel.swift in Sources */ = {isa = PBXBuildFile; fileRef = 951D37D32894608800DA3BEC /* ToDoItemModel.swift */; };
		951D37D8289460E100DA3BEC /* fileJSON.json in Resources */ = {isa = PBXBuildFile; fileRef = 951D37D7289460E100DA3BEC /* fileJSON.json */; };
		951D37DA2895C41300DA3BEC /* .gitignore in Resources */ = {isa = PBXBuildFile; fileRef = 951D37D92895C41300DA3BEC /* .gitignore */; };
		95D84CA22896F1840001AE51 /* MathFunc.swift in Sources */ = {isa = PBXBuildFile; fileRef = 95D84CA12896F1840001AE51 /* MathFunc.swift */; };
		95D84CA42897243B0001AE51 /* IndentTextField.swift in Sources */ = {isa = PBXBuildFile; fileRef = 95D84CA32897243B0001AE51 /* IndentTextField.swift */; };
/* End PBXBuildFile section */

/* Begin PBXContainerItemProxy section */
		951D37B72894546000DA3BEC /* PBXContainerItemProxy */ = {
			isa = PBXContainerItemProxy;
			containerPortal = 951D37982894545700DA3BEC /* Project object */;
			proxyType = 1;
			remoteGlobalIDString = 951D379F2894545700DA3BEC;
			remoteInfo = ToDoList;
		};
		951D37C12894546000DA3BEC /* PBXContainerItemProxy */ = {
			isa = PBXContainerItemProxy;
			containerPortal = 951D37982894545700DA3BEC /* Project object */;
			proxyType = 1;
			remoteGlobalIDString = 951D379F2894545700DA3BEC;
			remoteInfo = ToDoList;
		};
/* End PBXContainerItemProxy section */

/* Begin PBXFileReference section */
		951D37A02894545800DA3BEC /* ToDoList.app */ = {isa = PBXFileReference; explicitFileType = wrapper.application; includeInIndex = 0; path = ToDoList.app; sourceTree = BUILT_PRODUCTS_DIR; };
		951D37A32894545800DA3BEC /* AppDelegate.swift */ = {isa = PBXFileReference; lastKnownFileType = sourcecode.swift; path = AppDelegate.swift; sourceTree = "<group>"; };
		951D37A52894545800DA3BEC /* SceneDelegate.swift */ = {isa = PBXFileReference; lastKnownFileType = sourcecode.swift; path = SceneDelegate.swift; sourceTree = "<group>"; };
		951D37A72894545800DA3BEC /* TaskViewController.swift */ = {isa = PBXFileReference; lastKnownFileType = sourcecode.swift; path = TaskViewController.swift; sourceTree = "<group>"; };
		951D37AC2894546000DA3BEC /* Assets.xcassets */ = {isa = PBXFileReference; lastKnownFileType = folder.assetcatalog; path = Assets.xcassets; sourceTree = "<group>"; };
		951D37AF2894546000DA3BEC /* Base */ = {isa = PBXFileReference; lastKnownFileType = file.storyboard; name = Base; path = Base.lproj/LaunchScreen.storyboard; sourceTree = "<group>"; };
		951D37B12894546000DA3BEC /* Info.plist */ = {isa = PBXFileReference; lastKnownFileType = text.plist.xml; path = Info.plist; sourceTree = "<group>"; };
		951D37B62894546000DA3BEC /* ToDoListTests.xctest */ = {isa = PBXFileReference; explicitFileType = wrapper.cfbundle; includeInIndex = 0; path = ToDoListTests.xctest; sourceTree = BUILT_PRODUCTS_DIR; };
		951D37BA2894546000DA3BEC /* ToDoListTests.swift */ = {isa = PBXFileReference; lastKnownFileType = sourcecode.swift; path = ToDoListTests.swift; sourceTree = "<group>"; };
		951D37C02894546000DA3BEC /* ToDoListUITests.xctest */ = {isa = PBXFileReference; explicitFileType = wrapper.cfbundle; includeInIndex = 0; path = ToDoListUITests.xctest; sourceTree = BUILT_PRODUCTS_DIR; };
		951D37C42894546000DA3BEC /* ToDoListUITests.swift */ = {isa = PBXFileReference; lastKnownFileType = sourcecode.swift; path = ToDoListUITests.swift; sourceTree = "<group>"; };
		951D37C62894546000DA3BEC /* ToDoListUITestsLaunchTests.swift */ = {isa = PBXFileReference; lastKnownFileType = sourcecode.swift; path = ToDoListUITestsLaunchTests.swift; sourceTree = "<group>"; };
		951D37D32894608800DA3BEC /* ToDoItemModel.swift */ = {isa = PBXFileReference; lastKnownFileType = sourcecode.swift; path = ToDoItemModel.swift; sourceTree = "<group>"; };
		951D37D7289460E100DA3BEC /* fileJSON.json */ = {isa = PBXFileReference; lastKnownFileType = text.json; path = fileJSON.json; sourceTree = "<group>"; };
		951D37D92895C41300DA3BEC /* .gitignore */ = {isa = PBXFileReference; lastKnownFileType = text; name = .gitignore; path = ToDoList/.gitignore; sourceTree = "<group>"; };
		95D84CA12896F1840001AE51 /* MathFunc.swift */ = {isa = PBXFileReference; lastKnownFileType = sourcecode.swift; path = MathFunc.swift; sourceTree = "<group>"; };
		95D84CA32897243B0001AE51 /* IndentTextField.swift */ = {isa = PBXFileReference; lastKnownFileType = sourcecode.swift; path = IndentTextField.swift; sourceTree = "<group>"; };
/* End PBXFileReference section */

/* Begin PBXFrameworksBuildPhase section */
		951D379D2894545700DA3BEC /* Frameworks */ = {
			isa = PBXFrameworksBuildPhase;
			buildActionMask = 2147483647;
			files = (
			);
			runOnlyForDeploymentPostprocessing = 0;
		};
		951D37B32894546000DA3BEC /* Frameworks */ = {
			isa = PBXFrameworksBuildPhase;
			buildActionMask = 2147483647;
			files = (
			);
			runOnlyForDeploymentPostprocessing = 0;
		};
		951D37BD2894546000DA3BEC /* Frameworks */ = {
			isa = PBXFrameworksBuildPhase;
			buildActionMask = 2147483647;
			files = (
			);
			runOnlyForDeploymentPostprocessing = 0;
		};
/* End PBXFrameworksBuildPhase section */

/* Begin PBXGroup section */
		951D37972894545700DA3BEC = {
			isa = PBXGroup;
			children = (
				951D37D92895C41300DA3BEC /* .gitignore */,
				951D37A22894545800DA3BEC /* ToDoList */,
				951D37B92894546000DA3BEC /* ToDoListTests */,
				951D37C32894546000DA3BEC /* ToDoListUITests */,
				951D37A12894545800DA3BEC /* Products */,
			);
			sourceTree = "<group>";
		};
		951D37A12894545800DA3BEC /* Products */ = {
			isa = PBXGroup;
			children = (
				951D37A02894545800DA3BEC /* ToDoList.app */,
				951D37B62894546000DA3BEC /* ToDoListTests.xctest */,
				951D37C02894546000DA3BEC /* ToDoListUITests.xctest */,
			);
			name = Products;
			sourceTree = "<group>";
		};
		951D37A22894545800DA3BEC /* ToDoList */ = {
			isa = PBXGroup;
			children = (
				951D37A32894545800DA3BEC /* AppDelegate.swift */,
				951D37A52894545800DA3BEC /* SceneDelegate.swift */,
				951D37D32894608800DA3BEC /* ToDoItemModel.swift */,
				95D84CA32897243B0001AE51 /* IndentTextField.swift */,
				951D37D7289460E100DA3BEC /* fileJSON.json */,
				951D37A72894545800DA3BEC /* TaskViewController.swift */,
				951D37AC2894546000DA3BEC /* Assets.xcassets */,
				951D37AE2894546000DA3BEC /* LaunchScreen.storyboard */,
				951D37B12894546000DA3BEC /* Info.plist */,
				95D84CA12896F1840001AE51 /* MathFunc.swift */,
			);
			path = ToDoList;
			sourceTree = "<group>";
		};
		951D37B92894546000DA3BEC /* ToDoListTests */ = {
			isa = PBXGroup;
			children = (
				951D37BA2894546000DA3BEC /* ToDoListTests.swift */,
			);
			path = ToDoListTests;
			sourceTree = "<group>";
		};
		951D37C32894546000DA3BEC /* ToDoListUITests */ = {
			isa = PBXGroup;
			children = (
				951D37C42894546000DA3BEC /* ToDoListUITests.swift */,
				951D37C62894546000DA3BEC /* ToDoListUITestsLaunchTests.swift */,
			);
			path = ToDoListUITests;
			sourceTree = "<group>";
		};
/* End PBXGroup section */

/* Begin PBXNativeTarget section */
		951D379F2894545700DA3BEC /* ToDoList */ = {
			isa = PBXNativeTarget;
			buildConfigurationList = 951D37CA2894546000DA3BEC /* Build configuration list for PBXNativeTarget "ToDoList" */;
			buildPhases = (
				951D379C2894545700DA3BEC /* Sources */,
				951D379D2894545700DA3BEC /* Frameworks */,
				951D379E2894545700DA3BEC /* Resources */,
			);
			buildRules = (
			);
			dependencies = (
			);
			name = ToDoList;
			productName = ToDoList;
			productReference = 951D37A02894545800DA3BEC /* ToDoList.app */;
			productType = "com.apple.product-type.application";
		};
		951D37B52894546000DA3BEC /* ToDoListTests */ = {
			isa = PBXNativeTarget;
			buildConfigurationList = 951D37CD2894546000DA3BEC /* Build configuration list for PBXNativeTarget "ToDoListTests" */;
			buildPhases = (
				951D37B22894546000DA3BEC /* Sources */,
				951D37B32894546000DA3BEC /* Frameworks */,
				951D37B42894546000DA3BEC /* Resources */,
			);
			buildRules = (
			);
			dependencies = (
				951D37B82894546000DA3BEC /* PBXTargetDependency */,
			);
			name = ToDoListTests;
			productName = ToDoListTests;
			productReference = 951D37B62894546000DA3BEC /* ToDoListTests.xctest */;
			productType = "com.apple.product-type.bundle.unit-test";
		};
		951D37BF2894546000DA3BEC /* ToDoListUITests */ = {
			isa = PBXNativeTarget;
			buildConfigurationList = 951D37D02894546000DA3BEC /* Build configuration list for PBXNativeTarget "ToDoListUITests" */;
			buildPhases = (
				951D37BC2894546000DA3BEC /* Sources */,
				951D37BD2894546000DA3BEC /* Frameworks */,
				951D37BE2894546000DA3BEC /* Resources */,
			);
			buildRules = (
			);
			dependencies = (
				951D37C22894546000DA3BEC /* PBXTargetDependency */,
			);
			name = ToDoListUITests;
			productName = ToDoListUITests;
			productReference = 951D37C02894546000DA3BEC /* ToDoListUITests.xctest */;
			productType = "com.apple.product-type.bundle.ui-testing";
		};
/* End PBXNativeTarget section */

/* Begin PBXProject section */
		951D37982894545700DA3BEC /* Project object */ = {
			isa = PBXProject;
			attributes = {
				BuildIndependentTargetsInParallel = 1;
				LastSwiftUpdateCheck = 1310;
				LastUpgradeCheck = 1310;
				TargetAttributes = {
					951D379F2894545700DA3BEC = {
						CreatedOnToolsVersion = 13.1;
					};
					951D37B52894546000DA3BEC = {
						CreatedOnToolsVersion = 13.1;
						TestTargetID = 951D379F2894545700DA3BEC;
					};
					951D37BF2894546000DA3BEC = {
						CreatedOnToolsVersion = 13.1;
						TestTargetID = 951D379F2894545700DA3BEC;
					};
				};
			};
			buildConfigurationList = 951D379B2894545700DA3BEC /* Build configuration list for PBXProject "ToDoList" */;
			compatibilityVersion = "Xcode 13.0";
			developmentRegion = en;
			hasScannedForEncodings = 0;
			knownRegions = (
				en,
				Base,
			);
			mainGroup = 951D37972894545700DA3BEC;
			productRefGroup = 951D37A12894545800DA3BEC /* Products */;
			projectDirPath = "";
			projectRoot = "";
			targets = (
				951D379F2894545700DA3BEC /* ToDoList */,
				951D37B52894546000DA3BEC /* ToDoListTests */,
				951D37BF2894546000DA3BEC /* ToDoListUITests */,
			);
		};
/* End PBXProject section */

/* Begin PBXResourcesBuildPhase section */
		951D379E2894545700DA3BEC /* Resources */ = {
			isa = PBXResourcesBuildPhase;
			buildActionMask = 2147483647;
			files = (
				951D37DA2895C41300DA3BEC /* .gitignore in Resources */,
				951D37B02894546000DA3BEC /* LaunchScreen.storyboard in Resources */,
				951D37D8289460E100DA3BEC /* fileJSON.json in Resources */,
				951D37AD2894546000DA3BEC /* Assets.xcassets in Resources */,
			);
			runOnlyForDeploymentPostprocessing = 0;
		};
		951D37B42894546000DA3BEC /* Resources */ = {
			isa = PBXResourcesBuildPhase;
			buildActionMask = 2147483647;
			files = (
			);
			runOnlyForDeploymentPostprocessing = 0;
		};
		951D37BE2894546000DA3BEC /* Resources */ = {
			isa = PBXResourcesBuildPhase;
			buildActionMask = 2147483647;
			files = (
			);
			runOnlyForDeploymentPostprocessing = 0;
		};
/* End PBXResourcesBuildPhase section */

/* Begin PBXSourcesBuildPhase section */
		951D379C2894545700DA3BEC /* Sources */ = {
			isa = PBXSourcesBuildPhase;
			buildActionMask = 2147483647;
			files = (
				951D37A82894545800DA3BEC /* TaskViewController.swift in Sources */,
				95D84CA22896F1840001AE51 /* MathFunc.swift in Sources */,
				951D37D42894608800DA3BEC /* ToDoItemModel.swift in Sources */,
				95D84CA42897243B0001AE51 /* IndentTextField.swift in Sources */,
				951D37A42894545800DA3BEC /* AppDelegate.swift in Sources */,
				951D37A62894545800DA3BEC /* SceneDelegate.swift in Sources */,
			);
			runOnlyForDeploymentPostprocessing = 0;
		};
		951D37B22894546000DA3BEC /* Sources */ = {
			isa = PBXSourcesBuildPhase;
			buildActionMask = 2147483647;
			files = (
				951D37BB2894546000DA3BEC /* ToDoListTests.swift in Sources */,
			);
			runOnlyForDeploymentPostprocessing = 0;
		};
		951D37BC2894546000DA3BEC /* Sources */ = {
			isa = PBXSourcesBuildPhase;
			buildActionMask = 2147483647;
			files = (
				951D37C72894546000DA3BEC /* ToDoListUITestsLaunchTests.swift in Sources */,
				951D37C52894546000DA3BEC /* ToDoListUITests.swift in Sources */,
			);
			runOnlyForDeploymentPostprocessing = 0;
		};
/* End PBXSourcesBuildPhase section */

/* Begin PBXTargetDependency section */
		951D37B82894546000DA3BEC /* PBXTargetDependency */ = {
			isa = PBXTargetDependency;
			target = 951D379F2894545700DA3BEC /* ToDoList */;
			targetProxy = 951D37B72894546000DA3BEC /* PBXContainerItemProxy */;
		};
		951D37C22894546000DA3BEC /* PBXTargetDependency */ = {
			isa = PBXTargetDependency;
			target = 951D379F2894545700DA3BEC /* ToDoList */;
			targetProxy = 951D37C12894546000DA3BEC /* PBXContainerItemProxy */;
		};
/* End PBXTargetDependency section */

/* Begin PBXVariantGroup section */
		951D37AE2894546000DA3BEC /* LaunchScreen.storyboard */ = {
			isa = PBXVariantGroup;
			children = (
				951D37AF2894546000DA3BEC /* Base */,
			);
			name = LaunchScreen.storyboard;
			sourceTree = "<group>";
		};
/* End PBXVariantGroup section */

/* Begin XCBuildConfiguration section */
		951D37C82894546000DA3BEC /* Debug */ = {
			isa = XCBuildConfiguration;
			buildSettings = {
				ALWAYS_SEARCH_USER_PATHS = NO;
				CLANG_ANALYZER_NONNULL = YES;
				CLANG_ANALYZER_NUMBER_OBJECT_CONVERSION = YES_AGGRESSIVE;
				CLANG_CXX_LANGUAGE_STANDARD = "gnu++17";
				CLANG_CXX_LIBRARY = "libc++";
				CLANG_ENABLE_MODULES = YES;
				CLANG_ENABLE_OBJC_ARC = YES;
				CLANG_ENABLE_OBJC_WEAK = YES;
				CLANG_WARN_BLOCK_CAPTURE_AUTORELEASING = YES;
				CLANG_WARN_BOOL_CONVERSION = YES;
				CLANG_WARN_COMMA = YES;
				CLANG_WARN_CONSTANT_CONVERSION = YES;
				CLANG_WARN_DEPRECATED_OBJC_IMPLEMENTATIONS = YES;
				CLANG_WARN_DIRECT_OBJC_ISA_USAGE = YES_ERROR;
				CLANG_WARN_DOCUMENTATION_COMMENTS = YES;
				CLANG_WARN_EMPTY_BODY = YES;
				CLANG_WARN_ENUM_CONVERSION = YES;
				CLANG_WARN_INFINITE_RECURSION = YES;
				CLANG_WARN_INT_CONVERSION = YES;
				CLANG_WARN_NON_LITERAL_NULL_CONVERSION = YES;
				CLANG_WARN_OBJC_IMPLICIT_RETAIN_SELF = YES;
				CLANG_WARN_OBJC_LITERAL_CONVERSION = YES;
				CLANG_WARN_OBJC_ROOT_CLASS = YES_ERROR;
				CLANG_WARN_QUOTED_INCLUDE_IN_FRAMEWORK_HEADER = YES;
				CLANG_WARN_RANGE_LOOP_ANALYSIS = YES;
				CLANG_WARN_STRICT_PROTOTYPES = YES;
				CLANG_WARN_SUSPICIOUS_MOVE = YES;
				CLANG_WARN_UNGUARDED_AVAILABILITY = YES_AGGRESSIVE;
				CLANG_WARN_UNREACHABLE_CODE = YES;
				CLANG_WARN__DUPLICATE_METHOD_MATCH = YES;
				COPY_PHASE_STRIP = NO;
				DEBUG_INFORMATION_FORMAT = dwarf;
				ENABLE_STRICT_OBJC_MSGSEND = YES;
				ENABLE_TESTABILITY = YES;
				GCC_C_LANGUAGE_STANDARD = gnu11;
				GCC_DYNAMIC_NO_PIC = NO;
				GCC_NO_COMMON_BLOCKS = YES;
				GCC_OPTIMIZATION_LEVEL = 0;
				GCC_PREPROCESSOR_DEFINITIONS = (
					"DEBUG=1",
					"$(inherited)",
				);
				GCC_WARN_64_TO_32_BIT_CONVERSION = YES;
				GCC_WARN_ABOUT_RETURN_TYPE = YES_ERROR;
				GCC_WARN_UNDECLARED_SELECTOR = YES;
				GCC_WARN_UNINITIALIZED_AUTOS = YES_AGGRESSIVE;
				GCC_WARN_UNUSED_FUNCTION = YES;
				GCC_WARN_UNUSED_VARIABLE = YES;
				IPHONEOS_DEPLOYMENT_TARGET = 15.0;
				MTL_ENABLE_DEBUG_INFO = INCLUDE_SOURCE;
				MTL_FAST_MATH = YES;
				ONLY_ACTIVE_ARCH = YES;
				SDKROOT = iphoneos;
				SWIFT_ACTIVE_COMPILATION_CONDITIONS = DEBUG;
				SWIFT_OPTIMIZATION_LEVEL = "-Onone";
			};
			name = Debug;
		};
		951D37C92894546000DA3BEC /* Release */ = {
			isa = XCBuildConfiguration;
			buildSettings = {
				ALWAYS_SEARCH_USER_PATHS = NO;
				CLANG_ANALYZER_NONNULL = YES;
				CLANG_ANALYZER_NUMBER_OBJECT_CONVERSION = YES_AGGRESSIVE;
				CLANG_CXX_LANGUAGE_STANDARD = "gnu++17";
				CLANG_CXX_LIBRARY = "libc++";
				CLANG_ENABLE_MODULES = YES;
				CLANG_ENABLE_OBJC_ARC = YES;
				CLANG_ENABLE_OBJC_WEAK = YES;
				CLANG_WARN_BLOCK_CAPTURE_AUTORELEASING = YES;
				CLANG_WARN_BOOL_CONVERSION = YES;
				CLANG_WARN_COMMA = YES;
				CLANG_WARN_CONSTANT_CONVERSION = YES;
				CLANG_WARN_DEPRECATED_OBJC_IMPLEMENTATIONS = YES;
				CLANG_WARN_DIRECT_OBJC_ISA_USAGE = YES_ERROR;
				CLANG_WARN_DOCUMENTATION_COMMENTS = YES;
				CLANG_WARN_EMPTY_BODY = YES;
				CLANG_WARN_ENUM_CONVERSION = YES;
				CLANG_WARN_INFINITE_RECURSION = YES;
				CLANG_WARN_INT_CONVERSION = YES;
				CLANG_WARN_NON_LITERAL_NULL_CONVERSION = YES;
				CLANG_WARN_OBJC_IMPLICIT_RETAIN_SELF = YES;
				CLANG_WARN_OBJC_LITERAL_CONVERSION = YES;
				CLANG_WARN_OBJC_ROOT_CLASS = YES_ERROR;
				CLANG_WARN_QUOTED_INCLUDE_IN_FRAMEWORK_HEADER = YES;
				CLANG_WARN_RANGE_LOOP_ANALYSIS = YES;
				CLANG_WARN_STRICT_PROTOTYPES = YES;
				CLANG_WARN_SUSPICIOUS_MOVE = YES;
				CLANG_WARN_UNGUARDED_AVAILABILITY = YES_AGGRESSIVE;
				CLANG_WARN_UNREACHABLE_CODE = YES;
				CLANG_WARN__DUPLICATE_METHOD_MATCH = YES;
				COPY_PHASE_STRIP = NO;
				DEBUG_INFORMATION_FORMAT = "dwarf-with-dsym";
				ENABLE_NS_ASSERTIONS = NO;
				ENABLE_STRICT_OBJC_MSGSEND = YES;
				GCC_C_LANGUAGE_STANDARD = gnu11;
				GCC_NO_COMMON_BLOCKS = YES;
				GCC_WARN_64_TO_32_BIT_CONVERSION = YES;
				GCC_WARN_ABOUT_RETURN_TYPE = YES_ERROR;
				GCC_WARN_UNDECLARED_SELECTOR = YES;
				GCC_WARN_UNINITIALIZED_AUTOS = YES_AGGRESSIVE;
				GCC_WARN_UNUSED_FUNCTION = YES;
				GCC_WARN_UNUSED_VARIABLE = YES;
				IPHONEOS_DEPLOYMENT_TARGET = 15.0;
				MTL_ENABLE_DEBUG_INFO = NO;
				MTL_FAST_MATH = YES;
				SDKROOT = iphoneos;
				SWIFT_COMPILATION_MODE = wholemodule;
				SWIFT_OPTIMIZATION_LEVEL = "-O";
				VALIDATE_PRODUCT = YES;
			};
			name = Release;
		};
		951D37CB2894546000DA3BEC /* Debug */ = {
			isa = XCBuildConfiguration;
			buildSettings = {
				ASSETCATALOG_COMPILER_APPICON_NAME = AppIcon;
				ASSETCATALOG_COMPILER_GLOBAL_ACCENT_COLOR_NAME = AccentColor;
				CODE_SIGN_STYLE = Automatic;
				CURRENT_PROJECT_VERSION = 1;
				GENERATE_INFOPLIST_FILE = YES;
				INFOPLIST_FILE = ToDoList/Info.plist;
				INFOPLIST_KEY_UIApplicationSupportsIndirectInputEvents = YES;
				INFOPLIST_KEY_UILaunchStoryboardName = LaunchScreen;
				INFOPLIST_KEY_UISupportedInterfaceOrientations = UIInterfaceOrientationPortrait;
				INFOPLIST_KEY_UISupportedInterfaceOrientations_iPad = "UIInterfaceOrientationPortrait UIInterfaceOrientationPortraitUpsideDown UIInterfaceOrientationLandscapeLeft UIInterfaceOrientationLandscapeRight";
				INFOPLIST_KEY_UISupportedInterfaceOrientations_iPhone = "UIInterfaceOrientationPortrait UIInterfaceOrientationLandscapeLeft UIInterfaceOrientationLandscapeRight";
				LD_RUNPATH_SEARCH_PATHS = (
					"$(inherited)",
					"@executable_path/Frameworks",
				);
				MARKETING_VERSION = 1.0;
				PRODUCT_BUNDLE_IDENTIFIER = com.tsvetkovanuta.ToDoList;
				PRODUCT_NAME = "$(TARGET_NAME)";
				SWIFT_EMIT_LOC_STRINGS = YES;
				SWIFT_VERSION = 5.0;
				TARGETED_DEVICE_FAMILY = "1,2";
			};
			name = Debug;
		};
		951D37CC2894546000DA3BEC /* Release */ = {
			isa = XCBuildConfiguration;
			buildSettings = {
				ASSETCATALOG_COMPILER_APPICON_NAME = AppIcon;
				ASSETCATALOG_COMPILER_GLOBAL_ACCENT_COLOR_NAME = AccentColor;
				CODE_SIGN_STYLE = Automatic;
				CURRENT_PROJECT_VERSION = 1;
				GENERATE_INFOPLIST_FILE = YES;
				INFOPLIST_FILE = ToDoList/Info.plist;
				INFOPLIST_KEY_UIApplicationSupportsIndirectInputEvents = YES;
				INFOPLIST_KEY_UILaunchStoryboardName = LaunchScreen;
				INFOPLIST_KEY_UISupportedInterfaceOrientations = UIInterfaceOrientationPortrait;
				INFOPLIST_KEY_UISupportedInterfaceOrientations_iPad = "UIInterfaceOrientationPortrait UIInterfaceOrientationPortraitUpsideDown UIInterfaceOrientationLandscapeLeft UIInterfaceOrientationLandscapeRight";
				INFOPLIST_KEY_UISupportedInterfaceOrientations_iPhone = "UIInterfaceOrientationPortrait UIInterfaceOrientationLandscapeLeft UIInterfaceOrientationLandscapeRight";
				LD_RUNPATH_SEARCH_PATHS = (
					"$(inherited)",
					"@executable_path/Frameworks",
				);
				MARKETING_VERSION = 1.0;
				PRODUCT_BUNDLE_IDENTIFIER = com.tsvetkovanuta.ToDoList;
				PRODUCT_NAME = "$(TARGET_NAME)";
				SWIFT_EMIT_LOC_STRINGS = YES;
				SWIFT_VERSION = 5.0;
				TARGETED_DEVICE_FAMILY = "1,2";
			};
			name = Release;
		};
		951D37CE2894546000DA3BEC /* Debug */ = {
			isa = XCBuildConfiguration;
			buildSettings = {
				ALWAYS_EMBED_SWIFT_STANDARD_LIBRARIES = YES;
				BUNDLE_LOADER = "$(TEST_HOST)";
				CODE_SIGN_STYLE = Automatic;
				CURRENT_PROJECT_VERSION = 1;
				GENERATE_INFOPLIST_FILE = YES;
				IPHONEOS_DEPLOYMENT_TARGET = 15.0;
				LD_RUNPATH_SEARCH_PATHS = (
					"$(inherited)",
					"@executable_path/Frameworks",
					"@loader_path/Frameworks",
				);
				MARKETING_VERSION = 1.0;
				PRODUCT_BUNDLE_IDENTIFIER = com.tsvetkovanuta.ToDoListTests;
				PRODUCT_NAME = "$(TARGET_NAME)";
				SWIFT_EMIT_LOC_STRINGS = NO;
				SWIFT_VERSION = 5.0;
				TARGETED_DEVICE_FAMILY = "1,2";
				TEST_HOST = "$(BUILT_PRODUCTS_DIR)/ToDoList.app/ToDoList";
			};
			name = Debug;
		};
		951D37CF2894546000DA3BEC /* Release */ = {
			isa = XCBuildConfiguration;
			buildSettings = {
				ALWAYS_EMBED_SWIFT_STANDARD_LIBRARIES = YES;
				BUNDLE_LOADER = "$(TEST_HOST)";
				CODE_SIGN_STYLE = Automatic;
				CURRENT_PROJECT_VERSION = 1;
				GENERATE_INFOPLIST_FILE = YES;
				IPHONEOS_DEPLOYMENT_TARGET = 15.0;
				LD_RUNPATH_SEARCH_PATHS = (
					"$(inherited)",
					"@executable_path/Frameworks",
					"@loader_path/Frameworks",
				);
				MARKETING_VERSION = 1.0;
				PRODUCT_BUNDLE_IDENTIFIER = com.tsvetkovanuta.ToDoListTests;
				PRODUCT_NAME = "$(TARGET_NAME)";
				SWIFT_EMIT_LOC_STRINGS = NO;
				SWIFT_VERSION = 5.0;
				TARGETED_DEVICE_FAMILY = "1,2";
				TEST_HOST = "$(BUILT_PRODUCTS_DIR)/ToDoList.app/ToDoList";
			};
			name = Release;
		};
		951D37D12894546000DA3BEC /* Debug */ = {
			isa = XCBuildConfiguration;
			buildSettings = {
				ALWAYS_EMBED_SWIFT_STANDARD_LIBRARIES = YES;
				CODE_SIGN_STYLE = Automatic;
				CURRENT_PROJECT_VERSION = 1;
				GENERATE_INFOPLIST_FILE = YES;
				LD_RUNPATH_SEARCH_PATHS = (
					"$(inherited)",
					"@executable_path/Frameworks",
					"@loader_path/Frameworks",
				);
				MARKETING_VERSION = 1.0;
				PRODUCT_BUNDLE_IDENTIFIER = com.tsvetkovanuta.ToDoListUITests;
				PRODUCT_NAME = "$(TARGET_NAME)";
				SWIFT_EMIT_LOC_STRINGS = NO;
				SWIFT_VERSION = 5.0;
				TARGETED_DEVICE_FAMILY = "1,2";
				TEST_TARGET_NAME = ToDoList;
			};
			name = Debug;
		};
		951D37D22894546000DA3BEC /* Release */ = {
			isa = XCBuildConfiguration;
			buildSettings = {
				ALWAYS_EMBED_SWIFT_STANDARD_LIBRARIES = YES;
				CODE_SIGN_STYLE = Automatic;
				CURRENT_PROJECT_VERSION = 1;
				GENERATE_INFOPLIST_FILE = YES;
				LD_RUNPATH_SEARCH_PATHS = (
					"$(inherited)",
					"@executable_path/Frameworks",
					"@loader_path/Frameworks",
				);
				MARKETING_VERSION = 1.0;
				PRODUCT_BUNDLE_IDENTIFIER = com.tsvetkovanuta.ToDoListUITests;
				PRODUCT_NAME = "$(TARGET_NAME)";
				SWIFT_EMIT_LOC_STRINGS = NO;
				SWIFT_VERSION = 5.0;
				TARGETED_DEVICE_FAMILY = "1,2";
				TEST_TARGET_NAME = ToDoList;
			};
			name = Release;
		};
/* End XCBuildConfiguration section */

/* Begin XCConfigurationList section */
		951D379B2894545700DA3BEC /* Build configuration list for PBXProject "ToDoList" */ = {
			isa = XCConfigurationList;
			buildConfigurations = (
				951D37C82894546000DA3BEC /* Debug */,
				951D37C92894546000DA3BEC /* Release */,
			);
			defaultConfigurationIsVisible = 0;
			defaultConfigurationName = Release;
		};
		951D37CA2894546000DA3BEC /* Build configuration list for PBXNativeTarget "ToDoList" */ = {
			isa = XCConfigurationList;
			buildConfigurations = (
				951D37CB2894546000DA3BEC /* Debug */,
				951D37CC2894546000DA3BEC /* Release */,
			);
			defaultConfigurationIsVisible = 0;
			defaultConfigurationName = Release;
		};
		951D37CD2894546000DA3BEC /* Build configuration list for PBXNativeTarget "ToDoListTests" */ = {
			isa = XCConfigurationList;
			buildConfigurations = (
				951D37CE2894546000DA3BEC /* Debug */,
				951D37CF2894546000DA3BEC /* Release */,
			);
			defaultConfigurationIsVisible = 0;
			defaultConfigurationName = Release;
		};
		951D37D02894546000DA3BEC /* Build configuration list for PBXNativeTarget "ToDoListUITests" */ = {
			isa = XCConfigurationList;
			buildConfigurations = (
				951D37D12894546000DA3BEC /* Debug */,
				951D37D22894546000DA3BEC /* Release */,
			);
			defaultConfigurationIsVisible = 0;
			defaultConfigurationName = Release;
		};
/* End XCConfigurationList section */
	};
	rootObject = 951D37982894545700DA3BEC /* Project object */;
}
